
Microsoft Visual Studio Solution File, Format Version 12.00
# Visual Studio 15
VisualStudioVersion = 15.0.28307.572
MinimumVisualStudioVersion = 10.0.40219.1
Project("{FAE04EC0-301F-11D3-BF4B-00C04F79EFBC}") = "BankAccount", "BankAccount\BankAccount.csproj", "{37669F74-E768-4A20-A1B1-05E83B4C5214}"
EndProject
Global
	GlobalSection(SolutionConfigurationPlatforms) = preSolution
		Debug|Any CPU = Debug|Any CPU
		Release|Any CPU = Release|Any CPU
	EndGlobalSection
	GlobalSection(ProjectConfigurationPlatforms) = postSolution
		{37669F74-E768-4A20-A1B1-05E83B4C5214}.Debug|Any CPU.ActiveCfg = Debug|Any CPU
		{37669F74-E768-4A20-A1B1-05E83B4C5214}.Debug|Any CPU.Build.0 = Debug|Any CPU
		{37669F74-E768-4A20-A1B1-05E83B4C5214}.Release|Any CPU.ActiveCfg = Release|Any CPU
		{37669F74-E768-4A20-A1B1-05E83B4C5214}.Release|Any CPU.Build.0 = Release|Any CPU
	EndGlobalSection
	GlobalSection(SolutionProperties) = preSolution
		HideSolutionNode = FALSE
	EndGlobalSection
	GlobalSection(ExtensibilityGlobals) = postSolution
		SolutionGuid = {0E997C6D-C875-4FCA-B167-2B6847E40857}
	EndGlobalSection
EndGlobal
